// !$*UTF8*$!
{
	archiveVersion = 1;
	classes = {
	};
	objectVersion = 46;
	objects = {

/* Begin PBXBuildFile section */
		428732D11ED1AC1500E5543B /* Default-568h@2x.png in Resources */ = {isa = PBXBuildFile; fileRef = 428732D01ED1AC1500E5543B /* Default-568h@2x.png */; };
		42B329C91E95057300490EAA /* Alamofire.framework in Frameworks */ = {isa = PBXBuildFile; fileRef = 42B329BC1E95054800490EAA /* Alamofire.framework */; };
		42B329CA1E95057300490EAA /* Alamofire.framework in Embed Frameworks */ = {isa = PBXBuildFile; fileRef = 42B329BC1E95054800490EAA /* Alamofire.framework */; settings = {ATTRIBUTES = (CodeSignOnCopy, RemoveHeadersOnCopy, ); }; };
		42B32A1A1E9FA92D00490EAA /* SwiftyJSON.framework in Frameworks */ = {isa = PBXBuildFile; fileRef = 42B32A0D1E9FA8F100490EAA /* SwiftyJSON.framework */; };
		42B32A1B1E9FA92D00490EAA /* SwiftyJSON.framework in Embed Frameworks */ = {isa = PBXBuildFile; fileRef = 42B32A0D1E9FA8F100490EAA /* SwiftyJSON.framework */; settings = {ATTRIBUTES = (CodeSignOnCopy, RemoveHeadersOnCopy, ); }; };
		42B32A321EAF707100490EAA /* LocalAuthentication.framework in Frameworks */ = {isa = PBXBuildFile; fileRef = 42B32A311EAF707100490EAA /* LocalAuthentication.framework */; };
		42B32A381EBA4E2900490EAA /* AuthPINController.swift in Sources */ = {isa = PBXBuildFile; fileRef = 42B32A371EBA4E2900490EAA /* AuthPINController.swift */; };
		42B32A5F1ECA106F00490EAA /* Locksmith.framework in Frameworks */ = {isa = PBXBuildFile; fileRef = 42B32A521ECA0FF700490EAA /* Locksmith.framework */; };
		42B32A601ECA106F00490EAA /* Locksmith.framework in Embed Frameworks */ = {isa = PBXBuildFile; fileRef = 42B32A521ECA0FF700490EAA /* Locksmith.framework */; settings = {ATTRIBUTES = (CodeSignOnCopy, RemoveHeadersOnCopy, ); }; };
		42C2DA231E269030001770CF /* AppDelegate.swift in Sources */ = {isa = PBXBuildFile; fileRef = 42C2DA221E269030001770CF /* AppDelegate.swift */; };
		42C2DA251E269030001770CF /* ViewController.swift in Sources */ = {isa = PBXBuildFile; fileRef = 42C2DA241E269030001770CF /* ViewController.swift */; };
		42C2DA281E269030001770CF /* Main.storyboard in Resources */ = {isa = PBXBuildFile; fileRef = 42C2DA261E269030001770CF /* Main.storyboard */; };
		42C2DA2A1E269030001770CF /* Assets.xcassets in Resources */ = {isa = PBXBuildFile; fileRef = 42C2DA291E269030001770CF /* Assets.xcassets */; };
		42C2DA2D1E269030001770CF /* LaunchScreen.storyboard in Resources */ = {isa = PBXBuildFile; fileRef = 42C2DA2B1E269030001770CF /* LaunchScreen.storyboard */; };
		42C2DA381E269030001770CF /* SimbaTests.swift in Sources */ = {isa = PBXBuildFile; fileRef = 42C2DA371E269030001770CF /* SimbaTests.swift */; };
		42C2DA431E269030001770CF /* SimbaUITests.swift in Sources */ = {isa = PBXBuildFile; fileRef = 42C2DA421E269030001770CF /* SimbaUITests.swift */; };
		42F017BB1E27E48200513B6A /* CredentialsViewController.swift in Sources */ = {isa = PBXBuildFile; fileRef = 42F017BA1E27E48200513B6A /* CredentialsViewController.swift */; };
		42F017BD1E27F08500513B6A /* PINViewController.swift in Sources */ = {isa = PBXBuildFile; fileRef = 42F017BC1E27F08500513B6A /* PINViewController.swift */; };
		42F017BF1E27F5BD00513B6A /* AuthViewController.swift in Sources */ = {isa = PBXBuildFile; fileRef = 42F017BE1E27F5BD00513B6A /* AuthViewController.swift */; };
		42F017C11E27F8B500513B6A /* SuccessViewController.swift in Sources */ = {isa = PBXBuildFile; fileRef = 42F017C01E27F8B500513B6A /* SuccessViewController.swift */; };
		42F017C31E2B914000513B6A /* TouchIDViewController.swift in Sources */ = {isa = PBXBuildFile; fileRef = 42F017C21E2B914000513B6A /* TouchIDViewController.swift */; };
		42F017C71E2D713F00513B6A /* MaxLengthTextField.swift in Sources */ = {isa = PBXBuildFile; fileRef = 42F017C61E2D713F00513B6A /* MaxLengthTextField.swift */; };
		42F017C91E2D73BF00513B6A /* AllowedCharsTextField.swift in Sources */ = {isa = PBXBuildFile; fileRef = 42F017C81E2D73BF00513B6A /* AllowedCharsTextField.swift */; };
/* End PBXBuildFile section */

/* Begin PBXContainerItemProxy section */
		42B329BB1E95054800490EAA /* PBXContainerItemProxy */ = {
			isa = PBXContainerItemProxy;
			containerPortal = 42B329B01E95054700490EAA /* Alamofire.xcodeproj */;
			proxyType = 2;
			remoteGlobalIDString = F8111E3319A95C8B0040E7D1;
			remoteInfo = "Alamofire iOS";
		};
		42B329BD1E95054800490EAA /* PBXContainerItemProxy */ = {
			isa = PBXContainerItemProxy;
			containerPortal = 42B329B01E95054700490EAA /* Alamofire.xcodeproj */;
			proxyType = 2;
			remoteGlobalIDString = F8111E3E19A95C8B0040E7D1;
			remoteInfo = "Alamofire iOS Tests";
		};
		42B329BF1E95054800490EAA /* PBXContainerItemProxy */ = {
			isa = PBXContainerItemProxy;
			containerPortal = 42B329B01E95054700490EAA /* Alamofire.xcodeproj */;
			proxyType = 2;
			remoteGlobalIDString = 4DD67C0B1A5C55C900ED2280;
			remoteInfo = "Alamofire macOS";
		};
		42B329C11E95054800490EAA /* PBXContainerItemProxy */ = {
			isa = PBXContainerItemProxy;
			containerPortal = 42B329B01E95054700490EAA /* Alamofire.xcodeproj */;
			proxyType = 2;
			remoteGlobalIDString = F829C6B21A7A94F100A2CD59;
			remoteInfo = "Alamofire macOS Tests";
		};
		42B329C31E95054800490EAA /* PBXContainerItemProxy */ = {
			isa = PBXContainerItemProxy;
			containerPortal = 42B329B01E95054700490EAA /* Alamofire.xcodeproj */;
			proxyType = 2;
			remoteGlobalIDString = 4CF626EF1BA7CB3E0011A099;
			remoteInfo = "Alamofire tvOS";
		};
		42B329C51E95054800490EAA /* PBXContainerItemProxy */ = {
			isa = PBXContainerItemProxy;
			containerPortal = 42B329B01E95054700490EAA /* Alamofire.xcodeproj */;
			proxyType = 2;
			remoteGlobalIDString = 4CF626F81BA7CB3E0011A099;
			remoteInfo = "Alamofire tvOS Tests";
		};
		42B329C71E95054800490EAA /* PBXContainerItemProxy */ = {
			isa = PBXContainerItemProxy;
			containerPortal = 42B329B01E95054700490EAA /* Alamofire.xcodeproj */;
			proxyType = 2;
			remoteGlobalIDString = E4202FE01B667AA100C997FB;
			remoteInfo = "Alamofire watchOS";
		};
		42B329CB1E95057300490EAA /* PBXContainerItemProxy */ = {
			isa = PBXContainerItemProxy;
			containerPortal = 42B329B01E95054700490EAA /* Alamofire.xcodeproj */;
			proxyType = 1;
			remoteGlobalIDString = F8111E3219A95C8B0040E7D1;
			remoteInfo = "Alamofire iOS";
		};
		42B32A0C1E9FA8F100490EAA /* PBXContainerItemProxy */ = {
			isa = PBXContainerItemProxy;
			containerPortal = 42B32A011E9FA8F100490EAA /* SwiftyJSON.xcodeproj */;
			proxyType = 2;
			remoteGlobalIDString = 2E4FEFDB19575BE100351305;
			remoteInfo = "SwiftyJSON iOS";
		};
		42B32A0E1E9FA8F100490EAA /* PBXContainerItemProxy */ = {
			isa = PBXContainerItemProxy;
			containerPortal = 42B32A011E9FA8F100490EAA /* SwiftyJSON.xcodeproj */;
			proxyType = 2;
			remoteGlobalIDString = 2E4FEFE619575BE100351305;
			remoteInfo = "SwiftyJSON iOS Tests";
		};
		42B32A101E9FA8F100490EAA /* PBXContainerItemProxy */ = {
			isa = PBXContainerItemProxy;
			containerPortal = 42B32A011E9FA8F100490EAA /* SwiftyJSON.xcodeproj */;
			proxyType = 2;
			remoteGlobalIDString = 9C7DFC5B1A9102BD005AA3F7;
			remoteInfo = "SwiftyJSON OSX";
		};
		42B32A121E9FA8F100490EAA /* PBXContainerItemProxy */ = {
			isa = PBXContainerItemProxy;
			containerPortal = 42B32A011E9FA8F100490EAA /* SwiftyJSON.xcodeproj */;
			proxyType = 2;
			remoteGlobalIDString = 9C7DFC651A9102BD005AA3F7;
			remoteInfo = "SwiftyJSON OSX Tests";
		};
		42B32A141E9FA8F100490EAA /* PBXContainerItemProxy */ = {
			isa = PBXContainerItemProxy;
			containerPortal = 42B32A011E9FA8F100490EAA /* SwiftyJSON.xcodeproj */;
			proxyType = 2;
			remoteGlobalIDString = E4D7CCE81B9465A700EE7221;
			remoteInfo = "SwiftyJSON watchOS";
		};
		42B32A161E9FA8F100490EAA /* PBXContainerItemProxy */ = {
			isa = PBXContainerItemProxy;
			containerPortal = 42B32A011E9FA8F100490EAA /* SwiftyJSON.xcodeproj */;
			proxyType = 2;
			remoteGlobalIDString = 7236B4F61BAC14150020529B;
			remoteInfo = "SwiftyJSON tvOS";
		};
		42B32A181E9FA8F100490EAA /* PBXContainerItemProxy */ = {
			isa = PBXContainerItemProxy;
			containerPortal = 42B32A011E9FA8F100490EAA /* SwiftyJSON.xcodeproj */;
			proxyType = 2;
			remoteGlobalIDString = A8580F741BCF5C5B00DA927B;
			remoteInfo = "SwiftyJSON tvOS Tests";
		};
		42B32A1C1E9FA92D00490EAA /* PBXContainerItemProxy */ = {
			isa = PBXContainerItemProxy;
			containerPortal = 42B32A011E9FA8F100490EAA /* SwiftyJSON.xcodeproj */;
			proxyType = 1;
			remoteGlobalIDString = 2E4FEFDA19575BE100351305;
			remoteInfo = "SwiftyJSON iOS";
		};
		42B32A511ECA0FF700490EAA /* PBXContainerItemProxy */ = {
			isa = PBXContainerItemProxy;
			containerPortal = 42B32A471ECA0FF700490EAA /* Locksmith.xcodeproj */;
			proxyType = 2;
			remoteGlobalIDString = 0EC25C591BA385AA004191AF;
			remoteInfo = "Locksmith iOS";
		};
		42B32A531ECA0FF700490EAA /* PBXContainerItemProxy */ = {
			isa = PBXContainerItemProxy;
			containerPortal = 42B32A471ECA0FF700490EAA /* Locksmith.xcodeproj */;
			proxyType = 2;
			remoteGlobalIDString = 0EC25C621BA385AB004191AF;
			remoteInfo = "Locksmith iOS Tests";
		};
		42B32A551ECA0FF700490EAA /* PBXContainerItemProxy */ = {
			isa = PBXContainerItemProxy;
			containerPortal = 42B32A471ECA0FF700490EAA /* Locksmith.xcodeproj */;
			proxyType = 2;
			remoteGlobalIDString = 0EC25C751BA385F6004191AF;
			remoteInfo = "Locksmith OS X";
		};
		42B32A571ECA0FF700490EAA /* PBXContainerItemProxy */ = {
			isa = PBXContainerItemProxy;
			containerPortal = 42B32A471ECA0FF700490EAA /* Locksmith.xcodeproj */;
			proxyType = 2;
			remoteGlobalIDString = 0EC25C7E1BA385F6004191AF;
			remoteInfo = "Locksmith OS X Tests";
		};
		42B32A591ECA0FF700490EAA /* PBXContainerItemProxy */ = {
			isa = PBXContainerItemProxy;
			containerPortal = 42B32A471ECA0FF700490EAA /* Locksmith.xcodeproj */;
			proxyType = 2;
			remoteGlobalIDString = 0EC25CA71BA39C9F004191AF;
			remoteInfo = "Locksmith watchOS";
		};
		42B32A5B1ECA0FF700490EAA /* PBXContainerItemProxy */ = {
			isa = PBXContainerItemProxy;
			containerPortal = 42B32A471ECA0FF700490EAA /* Locksmith.xcodeproj */;
			proxyType = 2;
			remoteGlobalIDString = FBD0C9491C1866BE00291F2A;
			remoteInfo = "Locksmith tvOS";
		};
		42B32A5D1ECA0FF700490EAA /* PBXContainerItemProxy */ = {
			isa = PBXContainerItemProxy;
			containerPortal = 42B32A471ECA0FF700490EAA /* Locksmith.xcodeproj */;
			proxyType = 2;
			remoteGlobalIDString = E3DD3B341D84356500A59312;
			remoteInfo = "Test Host";
		};
		42B32A611ECA106F00490EAA /* PBXContainerItemProxy */ = {
			isa = PBXContainerItemProxy;
			containerPortal = 42B32A471ECA0FF700490EAA /* Locksmith.xcodeproj */;
			proxyType = 1;
			remoteGlobalIDString = 0EC25C581BA385AA004191AF;
			remoteInfo = "Locksmith iOS";
		};
		42C2DA341E269030001770CF /* PBXContainerItemProxy */ = {
			isa = PBXContainerItemProxy;
			containerPortal = 42C2DA171E269030001770CF /* Project object */;
			proxyType = 1;
			remoteGlobalIDString = 42C2DA1E1E269030001770CF;
			remoteInfo = Simba;
		};
		42C2DA3F1E269030001770CF /* PBXContainerItemProxy */ = {
			isa = PBXContainerItemProxy;
			containerPortal = 42C2DA171E269030001770CF /* Project object */;
			proxyType = 1;
			remoteGlobalIDString = 42C2DA1E1E269030001770CF;
			remoteInfo = Simba;
		};
/* End PBXContainerItemProxy section */

/* Begin PBXCopyFilesBuildPhase section */
		42B329CD1E95057300490EAA /* Embed Frameworks */ = {
			isa = PBXCopyFilesBuildPhase;
			buildActionMask = 2147483647;
			dstPath = "";
			dstSubfolderSpec = 10;
			files = (
				42B32A601ECA106F00490EAA /* Locksmith.framework in Embed Frameworks */,
				42B32A1B1E9FA92D00490EAA /* SwiftyJSON.framework in Embed Frameworks */,
				42B329CA1E95057300490EAA /* Alamofire.framework in Embed Frameworks */,
			);
			name = "Embed Frameworks";
			runOnlyForDeploymentPostprocessing = 0;
		};
		42B329CE1E95058200490EAA /* Copy Framework */ = {
			isa = PBXCopyFilesBuildPhase;
			buildActionMask = 2147483647;
			dstPath = "";
			dstSubfolderSpec = 10;
			files = (
			);
			name = "Copy Framework";
			runOnlyForDeploymentPostprocessing = 0;
		};
/* End PBXCopyFilesBuildPhase section */

/* Begin PBXFileReference section */
		428732D01ED1AC1500E5543B /* Default-568h@2x.png */ = {isa = PBXFileReference; lastKnownFileType = image.png; path = "Default-568h@2x.png"; sourceTree = "<group>"; };
		42B329B01E95054700490EAA /* Alamofire.xcodeproj */ = {isa = PBXFileReference; lastKnownFileType = "wrapper.pb-project"; name = Alamofire.xcodeproj; path = Alamofire/Alamofire.xcodeproj; sourceTree = "<group>"; };
		42B32A011E9FA8F100490EAA /* SwiftyJSON.xcodeproj */ = {isa = PBXFileReference; lastKnownFileType = "wrapper.pb-project"; name = SwiftyJSON.xcodeproj; path = SwiftyJSON/SwiftyJSON.xcodeproj; sourceTree = "<group>"; };
		42B32A311EAF707100490EAA /* LocalAuthentication.framework */ = {isa = PBXFileReference; lastKnownFileType = wrapper.framework; name = LocalAuthentication.framework; path = System/Library/Frameworks/LocalAuthentication.framework; sourceTree = SDKROOT; };
		42B32A371EBA4E2900490EAA /* AuthPINController.swift */ = {isa = PBXFileReference; fileEncoding = 4; lastKnownFileType = sourcecode.swift; name = AuthPINController.swift; path = ../AuthPINController.swift; sourceTree = "<group>"; };
		42B32A471ECA0FF700490EAA /* Locksmith.xcodeproj */ = {isa = PBXFileReference; lastKnownFileType = "wrapper.pb-project"; name = Locksmith.xcodeproj; path = Locksmith/Locksmith.xcodeproj; sourceTree = "<group>"; };
		42B32A631ECA198300490EAA /* Simba.entitlements */ = {isa = PBXFileReference; lastKnownFileType = text.plist.entitlements; path = Simba.entitlements; sourceTree = "<group>"; };
		42C2DA1F1E269030001770CF /* Simba.app */ = {isa = PBXFileReference; explicitFileType = wrapper.application; includeInIndex = 0; path = Simba.app; sourceTree = BUILT_PRODUCTS_DIR; };
		42C2DA221E269030001770CF /* AppDelegate.swift */ = {isa = PBXFileReference; lastKnownFileType = sourcecode.swift; path = AppDelegate.swift; sourceTree = "<group>"; };
		42C2DA241E269030001770CF /* ViewController.swift */ = {isa = PBXFileReference; lastKnownFileType = sourcecode.swift; path = ViewController.swift; sourceTree = "<group>"; };
		42C2DA271E269030001770CF /* Base */ = {isa = PBXFileReference; lastKnownFileType = file.storyboard; name = Base; path = Base.lproj/Main.storyboard; sourceTree = "<group>"; };
		42C2DA291E269030001770CF /* Assets.xcassets */ = {isa = PBXFileReference; lastKnownFileType = folder.assetcatalog; path = Assets.xcassets; sourceTree = "<group>"; };
		42C2DA2C1E269030001770CF /* Base */ = {isa = PBXFileReference; lastKnownFileType = file.storyboard; name = Base; path = Base.lproj/LaunchScreen.storyboard; sourceTree = "<group>"; };
		42C2DA2E1E269030001770CF /* Info.plist */ = {isa = PBXFileReference; lastKnownFileType = text.plist.xml; path = Info.plist; sourceTree = "<group>"; };
		42C2DA331E269030001770CF /* SimbaTests.xctest */ = {isa = PBXFileReference; explicitFileType = wrapper.cfbundle; includeInIndex = 0; path = SimbaTests.xctest; sourceTree = BUILT_PRODUCTS_DIR; };
		42C2DA371E269030001770CF /* SimbaTests.swift */ = {isa = PBXFileReference; lastKnownFileType = sourcecode.swift; path = SimbaTests.swift; sourceTree = "<group>"; };
		42C2DA391E269030001770CF /* Info.plist */ = {isa = PBXFileReference; lastKnownFileType = text.plist.xml; path = Info.plist; sourceTree = "<group>"; };
		42C2DA3E1E269030001770CF /* SimbaUITests.xctest */ = {isa = PBXFileReference; explicitFileType = wrapper.cfbundle; includeInIndex = 0; path = SimbaUITests.xctest; sourceTree = BUILT_PRODUCTS_DIR; };
		42C2DA421E269030001770CF /* SimbaUITests.swift */ = {isa = PBXFileReference; lastKnownFileType = sourcecode.swift; path = SimbaUITests.swift; sourceTree = "<group>"; };
		42C2DA441E269030001770CF /* Info.plist */ = {isa = PBXFileReference; lastKnownFileType = text.plist.xml; path = Info.plist; sourceTree = "<group>"; };
		42F017BA1E27E48200513B6A /* CredentialsViewController.swift */ = {isa = PBXFileReference; fileEncoding = 4; lastKnownFileType = sourcecode.swift; path = CredentialsViewController.swift; sourceTree = "<group>"; };
		42F017BC1E27F08500513B6A /* PINViewController.swift */ = {isa = PBXFileReference; fileEncoding = 4; lastKnownFileType = sourcecode.swift; path = PINViewController.swift; sourceTree = "<group>"; };
		42F017BE1E27F5BD00513B6A /* AuthViewController.swift */ = {isa = PBXFileReference; fileEncoding = 4; lastKnownFileType = sourcecode.swift; path = AuthViewController.swift; sourceTree = "<group>"; };
		42F017C01E27F8B500513B6A /* SuccessViewController.swift */ = {isa = PBXFileReference; fileEncoding = 4; lastKnownFileType = sourcecode.swift; name = SuccessViewController.swift; path = ../SuccessViewController.swift; sourceTree = "<group>"; };
		42F017C21E2B914000513B6A /* TouchIDViewController.swift */ = {isa = PBXFileReference; fileEncoding = 4; lastKnownFileType = sourcecode.swift; name = TouchIDViewController.swift; path = ../TouchIDViewController.swift; sourceTree = "<group>"; };
		42F017C61E2D713F00513B6A /* MaxLengthTextField.swift */ = {isa = PBXFileReference; fileEncoding = 4; lastKnownFileType = sourcecode.swift; path = MaxLengthTextField.swift; sourceTree = "<group>"; };
		42F017C81E2D73BF00513B6A /* AllowedCharsTextField.swift */ = {isa = PBXFileReference; fileEncoding = 4; lastKnownFileType = sourcecode.swift; name = AllowedCharsTextField.swift; path = Simba/AllowedCharsTextField.swift; sourceTree = "<group>"; };
/* End PBXFileReference section */

/* Begin PBXFrameworksBuildPhase section */
		42C2DA1C1E269030001770CF /* Frameworks */ = {
			isa = PBXFrameworksBuildPhase;
			buildActionMask = 2147483647;
			files = (
				42B32A321EAF707100490EAA /* LocalAuthentication.framework in Frameworks */,
				42B32A5F1ECA106F00490EAA /* Locksmith.framework in Frameworks */,
				42B32A1A1E9FA92D00490EAA /* SwiftyJSON.framework in Frameworks */,
				42B329C91E95057300490EAA /* Alamofire.framework in Frameworks */,
			);
			runOnlyForDeploymentPostprocessing = 0;
		};
		42C2DA301E269030001770CF /* Frameworks */ = {
			isa = PBXFrameworksBuildPhase;
			buildActionMask = 2147483647;
			files = (
			);
			runOnlyForDeploymentPostprocessing = 0;
		};
		42C2DA3B1E269030001770CF /* Frameworks */ = {
			isa = PBXFrameworksBuildPhase;
			buildActionMask = 2147483647;
			files = (
			);
			runOnlyForDeploymentPostprocessing = 0;
		};
/* End PBXFrameworksBuildPhase section */

/* Begin PBXGroup section */
		42B329B11E95054700490EAA /* Products */ = {
			isa = PBXGroup;
			children = (
				42B329BC1E95054800490EAA /* Alamofire.framework */,
				42B329BE1E95054800490EAA /* Alamofire iOS Tests.xctest */,
				42B329C01E95054800490EAA /* Alamofire.framework */,
				42B329C21E95054800490EAA /* Alamofire macOS Tests.xctest */,
				42B329C41E95054800490EAA /* Alamofire.framework */,
				42B329C61E95054800490EAA /* Alamofire tvOS Tests.xctest */,
				42B329C81E95054800490EAA /* Alamofire.framework */,
			);
			name = Products;
			sourceTree = "<group>";
		};
		42B32A021E9FA8F100490EAA /* Products */ = {
			isa = PBXGroup;
			children = (
				42B32A0D1E9FA8F100490EAA /* SwiftyJSON.framework */,
				42B32A0F1E9FA8F100490EAA /* SwiftyJSON iOS Tests.xctest */,
				42B32A111E9FA8F100490EAA /* SwiftyJSON.framework */,
				42B32A131E9FA8F100490EAA /* SwiftyJSON OSX Tests.xctest */,
				42B32A151E9FA8F100490EAA /* SwiftyJSON.framework */,
				42B32A171E9FA8F100490EAA /* SwiftyJSON.framework */,
				42B32A191E9FA8F100490EAA /* SwiftyJSON tvOS Tests.xctest */,
			);
			name = Products;
			sourceTree = "<group>";
		};
		42B32A301EAF707100490EAA /* Frameworks */ = {
			isa = PBXGroup;
			children = (
				42B32A311EAF707100490EAA /* LocalAuthentication.framework */,
			);
			name = Frameworks;
			sourceTree = "<group>";
		};
		42B32A481ECA0FF700490EAA /* Products */ = {
			isa = PBXGroup;
			children = (
				42B32A521ECA0FF700490EAA /* Locksmith.framework */,
				42B32A541ECA0FF700490EAA /* Locksmith iOS Tests.xctest */,
				42B32A561ECA0FF700490EAA /* Locksmith.framework */,
				42B32A581ECA0FF700490EAA /* Locksmith OS X Tests.xctest */,
				42B32A5A1ECA0FF700490EAA /* Locksmith.framework */,
				42B32A5C1ECA0FF700490EAA /* Locksmith.framework */,
				42B32A5E1ECA0FF700490EAA /* Test Host.app */,
			);
			name = Products;
			sourceTree = "<group>";
		};
		42C2DA161E269030001770CF = {
			isa = PBXGroup;
			children = (
				428732D01ED1AC1500E5543B /* Default-568h@2x.png */,
				42F017C61E2D713F00513B6A /* MaxLengthTextField.swift */,
				42F017C81E2D73BF00513B6A /* AllowedCharsTextField.swift */,
				42B329B01E95054700490EAA /* Alamofire.xcodeproj */,
				42B32A471ECA0FF700490EAA /* Locksmith.xcodeproj */,
				42B32A011E9FA8F100490EAA /* SwiftyJSON.xcodeproj */,
				42C2DA211E269030001770CF /* Simba */,
				42C2DA361E269030001770CF /* SimbaTests */,
				42C2DA411E269030001770CF /* SimbaUITests */,
				42C2DA201E269030001770CF /* Products */,
				42B32A301EAF707100490EAA /* Frameworks */,
			);
			sourceTree = "<group>";
		};
		42C2DA201E269030001770CF /* Products */ = {
			isa = PBXGroup;
			children = (
				42C2DA1F1E269030001770CF /* Simba.app */,
				42C2DA331E269030001770CF /* SimbaTests.xctest */,
				42C2DA3E1E269030001770CF /* SimbaUITests.xctest */,
			);
			name = Products;
			sourceTree = "<group>";
		};
		42C2DA211E269030001770CF /* Simba */ = {
			isa = PBXGroup;
			children = (
				42B32A631ECA198300490EAA /* Simba.entitlements */,
				42B32A371EBA4E2900490EAA /* AuthPINController.swift */,
				42F017C21E2B914000513B6A /* TouchIDViewController.swift */,
				42F017C01E27F8B500513B6A /* SuccessViewController.swift */,
				42C2DA221E269030001770CF /* AppDelegate.swift */,
				42C2DA241E269030001770CF /* ViewController.swift */,
				42C2DA261E269030001770CF /* Main.storyboard */,
				42F017BE1E27F5BD00513B6A /* AuthViewController.swift */,
				42F017BC1E27F08500513B6A /* PINViewController.swift */,
				42F017BA1E27E48200513B6A /* CredentialsViewController.swift */,
				42C2DA291E269030001770CF /* Assets.xcassets */,
				42C2DA2B1E269030001770CF /* LaunchScreen.storyboard */,
				42C2DA2E1E269030001770CF /* Info.plist */,
			);
			path = Simba;
			sourceTree = "<group>";
		};
		42C2DA361E269030001770CF /* SimbaTests */ = {
			isa = PBXGroup;
			children = (
				42C2DA371E269030001770CF /* SimbaTests.swift */,
				42C2DA391E269030001770CF /* Info.plist */,
			);
			path = SimbaTests;
			sourceTree = "<group>";
		};
		42C2DA411E269030001770CF /* SimbaUITests */ = {
			isa = PBXGroup;
			children = (
				42C2DA421E269030001770CF /* SimbaUITests.swift */,
				42C2DA441E269030001770CF /* Info.plist */,
			);
			path = SimbaUITests;
			sourceTree = "<group>";
		};
/* End PBXGroup section */

/* Begin PBXNativeTarget section */
		42C2DA1E1E269030001770CF /* Simba */ = {
			isa = PBXNativeTarget;
			buildConfigurationList = 42C2DA471E269030001770CF /* Build configuration list for PBXNativeTarget "Simba" */;
			buildPhases = (
				42C2DA1B1E269030001770CF /* Sources */,
				42C2DA1C1E269030001770CF /* Frameworks */,
				42C2DA1D1E269030001770CF /* Resources */,
				42B329CD1E95057300490EAA /* Embed Frameworks */,
				42B329CE1E95058200490EAA /* Copy Framework */,
			);
			buildRules = (
			);
			dependencies = (
				42B329CC1E95057300490EAA /* PBXTargetDependency */,
				42B32A1D1E9FA92D00490EAA /* PBXTargetDependency */,
				42B32A621ECA106F00490EAA /* PBXTargetDependency */,
			);
			name = Simba;
			productName = Simba;
			productReference = 42C2DA1F1E269030001770CF /* Simba.app */;
			productType = "com.apple.product-type.application";
		};
		42C2DA321E269030001770CF /* SimbaTests */ = {
			isa = PBXNativeTarget;
			buildConfigurationList = 42C2DA4A1E269030001770CF /* Build configuration list for PBXNativeTarget "SimbaTests" */;
			buildPhases = (
				42C2DA2F1E269030001770CF /* Sources */,
				42C2DA301E269030001770CF /* Frameworks */,
				42C2DA311E269030001770CF /* Resources */,
			);
			buildRules = (
			);
			dependencies = (
				42C2DA351E269030001770CF /* PBXTargetDependency */,
			);
			name = SimbaTests;
			productName = SimbaTests;
			productReference = 42C2DA331E269030001770CF /* SimbaTests.xctest */;
			productType = "com.apple.product-type.bundle.unit-test";
		};
		42C2DA3D1E269030001770CF /* SimbaUITests */ = {
			isa = PBXNativeTarget;
			buildConfigurationList = 42C2DA4D1E269030001770CF /* Build configuration list for PBXNativeTarget "SimbaUITests" */;
			buildPhases = (
				42C2DA3A1E269030001770CF /* Sources */,
				42C2DA3B1E269030001770CF /* Frameworks */,
				42C2DA3C1E269030001770CF /* Resources */,
			);
			buildRules = (
			);
			dependencies = (
				42C2DA401E269030001770CF /* PBXTargetDependency */,
			);
			name = SimbaUITests;
			productName = SimbaUITests;
			productReference = 42C2DA3E1E269030001770CF /* SimbaUITests.xctest */;
			productType = "com.apple.product-type.bundle.ui-testing";
		};
/* End PBXNativeTarget section */

/* Begin PBXProject section */
		42C2DA171E269030001770CF /* Project object */ = {
			isa = PBXProject;
			attributes = {
				LastSwiftUpdateCheck = 0800;
				LastUpgradeCheck = 0800;
				ORGANIZATIONNAME = Infinum;
				TargetAttributes = {
					42C2DA1E1E269030001770CF = {
						CreatedOnToolsVersion = 8.0;
						DevelopmentTeam = CX9VLRV49V;
						ProvisioningStyle = Automatic;
						SystemCapabilities = {
							com.apple.Keychain = {
								enabled = 1;
							};
						};
					};
					42C2DA321E269030001770CF = {
						CreatedOnToolsVersion = 8.0;
						ProvisioningStyle = Automatic;
						TestTargetID = 42C2DA1E1E269030001770CF;
					};
					42C2DA3D1E269030001770CF = {
						CreatedOnToolsVersion = 8.0;
						ProvisioningStyle = Automatic;
						TestTargetID = 42C2DA1E1E269030001770CF;
					};
				};
			};
			buildConfigurationList = 42C2DA1A1E269030001770CF /* Build configuration list for PBXProject "Simba" */;
			compatibilityVersion = "Xcode 3.2";
			developmentRegion = English;
			hasScannedForEncodings = 0;
			knownRegions = (
				en,
				Base,
			);
			mainGroup = 42C2DA161E269030001770CF;
			productRefGroup = 42C2DA201E269030001770CF /* Products */;
			projectDirPath = "";
			projectReferences = (
				{
					ProductGroup = 42B329B11E95054700490EAA /* Products */;
					ProjectRef = 42B329B01E95054700490EAA /* Alamofire.xcodeproj */;
				},
				{
					ProductGroup = 42B32A481ECA0FF700490EAA /* Products */;
					ProjectRef = 42B32A471ECA0FF700490EAA /* Locksmith.xcodeproj */;
				},
				{
					ProductGroup = 42B32A021E9FA8F100490EAA /* Products */;
					ProjectRef = 42B32A011E9FA8F100490EAA /* SwiftyJSON.xcodeproj */;
				},
			);
			projectRoot = "";
			targets = (
				42C2DA1E1E269030001770CF /* Simba */,
				42C2DA321E269030001770CF /* SimbaTests */,
				42C2DA3D1E269030001770CF /* SimbaUITests */,
			);
		};
/* End PBXProject section */

/* Begin PBXReferenceProxy section */
		42B329BC1E95054800490EAA /* Alamofire.framework */ = {
			isa = PBXReferenceProxy;
			fileType = wrapper.framework;
			path = Alamofire.framework;
			remoteRef = 42B329BB1E95054800490EAA /* PBXContainerItemProxy */;
			sourceTree = BUILT_PRODUCTS_DIR;
		};
		42B329BE1E95054800490EAA /* Alamofire iOS Tests.xctest */ = {
			isa = PBXReferenceProxy;
			fileType = wrapper.cfbundle;
			path = "Alamofire iOS Tests.xctest";
			remoteRef = 42B329BD1E95054800490EAA /* PBXContainerItemProxy */;
			sourceTree = BUILT_PRODUCTS_DIR;
		};
		42B329C01E95054800490EAA /* Alamofire.framework */ = {
			isa = PBXReferenceProxy;
			fileType = wrapper.framework;
			path = Alamofire.framework;
			remoteRef = 42B329BF1E95054800490EAA /* PBXContainerItemProxy */;
			sourceTree = BUILT_PRODUCTS_DIR;
		};
		42B329C21E95054800490EAA /* Alamofire macOS Tests.xctest */ = {
			isa = PBXReferenceProxy;
			fileType = wrapper.cfbundle;
			path = "Alamofire macOS Tests.xctest";
			remoteRef = 42B329C11E95054800490EAA /* PBXContainerItemProxy */;
			sourceTree = BUILT_PRODUCTS_DIR;
		};
		42B329C41E95054800490EAA /* Alamofire.framework */ = {
			isa = PBXReferenceProxy;
			fileType = wrapper.framework;
			path = Alamofire.framework;
			remoteRef = 42B329C31E95054800490EAA /* PBXContainerItemProxy */;
			sourceTree = BUILT_PRODUCTS_DIR;
		};
		42B329C61E95054800490EAA /* Alamofire tvOS Tests.xctest */ = {
			isa = PBXReferenceProxy;
			fileType = wrapper.cfbundle;
			path = "Alamofire tvOS Tests.xctest";
			remoteRef = 42B329C51E95054800490EAA /* PBXContainerItemProxy */;
			sourceTree = BUILT_PRODUCTS_DIR;
		};
		42B329C81E95054800490EAA /* Alamofire.framework */ = {
			isa = PBXReferenceProxy;
			fileType = wrapper.framework;
			path = Alamofire.framework;
			remoteRef = 42B329C71E95054800490EAA /* PBXContainerItemProxy */;
			sourceTree = BUILT_PRODUCTS_DIR;
		};
		42B32A0D1E9FA8F100490EAA /* SwiftyJSON.framework */ = {
			isa = PBXReferenceProxy;
			fileType = wrapper.framework;
			path = SwiftyJSON.framework;
			remoteRef = 42B32A0C1E9FA8F100490EAA /* PBXContainerItemProxy */;
			sourceTree = BUILT_PRODUCTS_DIR;
		};
		42B32A0F1E9FA8F100490EAA /* SwiftyJSON iOS Tests.xctest */ = {
			isa = PBXReferenceProxy;
			fileType = wrapper.cfbundle;
			path = "SwiftyJSON iOS Tests.xctest";
			remoteRef = 42B32A0E1E9FA8F100490EAA /* PBXContainerItemProxy */;
			sourceTree = BUILT_PRODUCTS_DIR;
		};
		42B32A111E9FA8F100490EAA /* SwiftyJSON.framework */ = {
			isa = PBXReferenceProxy;
			fileType = wrapper.framework;
			path = SwiftyJSON.framework;
			remoteRef = 42B32A101E9FA8F100490EAA /* PBXContainerItemProxy */;
			sourceTree = BUILT_PRODUCTS_DIR;
		};
		42B32A131E9FA8F100490EAA /* SwiftyJSON OSX Tests.xctest */ = {
			isa = PBXReferenceProxy;
			fileType = wrapper.cfbundle;
			path = "SwiftyJSON OSX Tests.xctest";
			remoteRef = 42B32A121E9FA8F100490EAA /* PBXContainerItemProxy */;
			sourceTree = BUILT_PRODUCTS_DIR;
		};
		42B32A151E9FA8F100490EAA /* SwiftyJSON.framework */ = {
			isa = PBXReferenceProxy;
			fileType = wrapper.framework;
			path = SwiftyJSON.framework;
			remoteRef = 42B32A141E9FA8F100490EAA /* PBXContainerItemProxy */;
			sourceTree = BUILT_PRODUCTS_DIR;
		};
		42B32A171E9FA8F100490EAA /* SwiftyJSON.framework */ = {
			isa = PBXReferenceProxy;
			fileType = wrapper.framework;
			path = SwiftyJSON.framework;
			remoteRef = 42B32A161E9FA8F100490EAA /* PBXContainerItemProxy */;
			sourceTree = BUILT_PRODUCTS_DIR;
		};
		42B32A191E9FA8F100490EAA /* SwiftyJSON tvOS Tests.xctest */ = {
			isa = PBXReferenceProxy;
			fileType = wrapper.cfbundle;
			path = "SwiftyJSON tvOS Tests.xctest";
			remoteRef = 42B32A181E9FA8F100490EAA /* PBXContainerItemProxy */;
			sourceTree = BUILT_PRODUCTS_DIR;
		};
		42B32A521ECA0FF700490EAA /* Locksmith.framework */ = {
			isa = PBXReferenceProxy;
			fileType = wrapper.framework;
			path = Locksmith.framework;
			remoteRef = 42B32A511ECA0FF700490EAA /* PBXContainerItemProxy */;
			sourceTree = BUILT_PRODUCTS_DIR;
		};
		42B32A541ECA0FF700490EAA /* Locksmith iOS Tests.xctest */ = {
			isa = PBXReferenceProxy;
			fileType = wrapper.cfbundle;
			path = "Locksmith iOS Tests.xctest";
			remoteRef = 42B32A531ECA0FF700490EAA /* PBXContainerItemProxy */;
			sourceTree = BUILT_PRODUCTS_DIR;
		};
		42B32A561ECA0FF700490EAA /* Locksmith.framework */ = {
			isa = PBXReferenceProxy;
			fileType = wrapper.framework;
			path = Locksmith.framework;
			remoteRef = 42B32A551ECA0FF700490EAA /* PBXContainerItemProxy */;
			sourceTree = BUILT_PRODUCTS_DIR;
		};
		42B32A581ECA0FF700490EAA /* Locksmith OS X Tests.xctest */ = {
			isa = PBXReferenceProxy;
			fileType = wrapper.cfbundle;
			path = "Locksmith OS X Tests.xctest";
			remoteRef = 42B32A571ECA0FF700490EAA /* PBXContainerItemProxy */;
			sourceTree = BUILT_PRODUCTS_DIR;
		};
		42B32A5A1ECA0FF700490EAA /* Locksmith.framework */ = {
			isa = PBXReferenceProxy;
			fileType = wrapper.framework;
			path = Locksmith.framework;
			remoteRef = 42B32A591ECA0FF700490EAA /* PBXContainerItemProxy */;
			sourceTree = BUILT_PRODUCTS_DIR;
		};
		42B32A5C1ECA0FF700490EAA /* Locksmith.framework */ = {
			isa = PBXReferenceProxy;
			fileType = wrapper.framework;
			path = Locksmith.framework;
			remoteRef = 42B32A5B1ECA0FF700490EAA /* PBXContainerItemProxy */;
			sourceTree = BUILT_PRODUCTS_DIR;
		};
		42B32A5E1ECA0FF700490EAA /* Test Host.app */ = {
			isa = PBXReferenceProxy;
			fileType = wrapper.application;
			path = "Test Host.app";
			remoteRef = 42B32A5D1ECA0FF700490EAA /* PBXContainerItemProxy */;
			sourceTree = BUILT_PRODUCTS_DIR;
		};
/* End PBXReferenceProxy section */

/* Begin PBXResourcesBuildPhase section */
		42C2DA1D1E269030001770CF /* Resources */ = {
			isa = PBXResourcesBuildPhase;
			buildActionMask = 2147483647;
			files = (
				42C2DA2D1E269030001770CF /* LaunchScreen.storyboard in Resources */,
				428732D11ED1AC1500E5543B /* Default-568h@2x.png in Resources */,
				42C2DA2A1E269030001770CF /* Assets.xcassets in Resources */,
				42C2DA281E269030001770CF /* Main.storyboard in Resources */,
			);
			runOnlyForDeploymentPostprocessing = 0;
		};
		42C2DA311E269030001770CF /* Resources */ = {
			isa = PBXResourcesBuildPhase;
			buildActionMask = 2147483647;
			files = (
			);
			runOnlyForDeploymentPostprocessing = 0;
		};
		42C2DA3C1E269030001770CF /* Resources */ = {
			isa = PBXResourcesBuildPhase;
			buildActionMask = 2147483647;
			files = (
			);
			runOnlyForDeploymentPostprocessing = 0;
		};
/* End PBXResourcesBuildPhase section */

/* Begin PBXSourcesBuildPhase section */
		42C2DA1B1E269030001770CF /* Sources */ = {
			isa = PBXSourcesBuildPhase;
			buildActionMask = 2147483647;
			files = (
				42F017BD1E27F08500513B6A /* PINViewController.swift in Sources */,
				42C2DA251E269030001770CF /* ViewController.swift in Sources */,
				42F017BF1E27F5BD00513B6A /* AuthViewController.swift in Sources */,
				42F017C91E2D73BF00513B6A /* AllowedCharsTextField.swift in Sources */,
				42F017BB1E27E48200513B6A /* CredentialsViewController.swift in Sources */,
				42F017C71E2D713F00513B6A /* MaxLengthTextField.swift in Sources */,
				42F017C11E27F8B500513B6A /* SuccessViewController.swift in Sources */,
				42B32A381EBA4E2900490EAA /* AuthPINController.swift in Sources */,
				42C2DA231E269030001770CF /* AppDelegate.swift in Sources */,
				42F017C31E2B914000513B6A /* TouchIDViewController.swift in Sources */,
			);
			runOnlyForDeploymentPostprocessing = 0;
		};
		42C2DA2F1E269030001770CF /* Sources */ = {
			isa = PBXSourcesBuildPhase;
			buildActionMask = 2147483647;
			files = (
				42C2DA381E269030001770CF /* SimbaTests.swift in Sources */,
			);
			runOnlyForDeploymentPostprocessing = 0;
		};
		42C2DA3A1E269030001770CF /* Sources */ = {
			isa = PBXSourcesBuildPhase;
			buildActionMask = 2147483647;
			files = (
				42C2DA431E269030001770CF /* SimbaUITests.swift in Sources */,
			);
			runOnlyForDeploymentPostprocessing = 0;
		};
/* End PBXSourcesBuildPhase section */

/* Begin PBXTargetDependency section */
		42B329CC1E95057300490EAA /* PBXTargetDependency */ = {
			isa = PBXTargetDependency;
			name = "Alamofire iOS";
			targetProxy = 42B329CB1E95057300490EAA /* PBXContainerItemProxy */;
		};
		42B32A1D1E9FA92D00490EAA /* PBXTargetDependency */ = {
			isa = PBXTargetDependency;
			name = "SwiftyJSON iOS";
			targetProxy = 42B32A1C1E9FA92D00490EAA /* PBXContainerItemProxy */;
		};
		42B32A621ECA106F00490EAA /* PBXTargetDependency */ = {
			isa = PBXTargetDependency;
			name = "Locksmith iOS";
			targetProxy = 42B32A611ECA106F00490EAA /* PBXContainerItemProxy */;
		};
		42C2DA351E269030001770CF /* PBXTargetDependency */ = {
			isa = PBXTargetDependency;
			target = 42C2DA1E1E269030001770CF /* Simba */;
			targetProxy = 42C2DA341E269030001770CF /* PBXContainerItemProxy */;
		};
		42C2DA401E269030001770CF /* PBXTargetDependency */ = {
			isa = PBXTargetDependency;
			target = 42C2DA1E1E269030001770CF /* Simba */;
			targetProxy = 42C2DA3F1E269030001770CF /* PBXContainerItemProxy */;
		};
/* End PBXTargetDependency section */

/* Begin PBXVariantGroup section */
		42C2DA261E269030001770CF /* Main.storyboard */ = {
			isa = PBXVariantGroup;
			children = (
				42C2DA271E269030001770CF /* Base */,
			);
			name = Main.storyboard;
			sourceTree = "<group>";
		};
		42C2DA2B1E269030001770CF /* LaunchScreen.storyboard */ = {
			isa = PBXVariantGroup;
			children = (
				42C2DA2C1E269030001770CF /* Base */,
			);
			name = LaunchScreen.storyboard;
			sourceTree = "<group>";
		};
/* End PBXVariantGroup section */

/* Begin XCBuildConfiguration section */
		42C2DA451E269030001770CF /* Debug */ = {
			isa = XCBuildConfiguration;
			buildSettings = {
				ALWAYS_SEARCH_USER_PATHS = NO;
				CLANG_ANALYZER_NONNULL = YES;
				CLANG_CXX_LANGUAGE_STANDARD = "gnu++0x";
				CLANG_CXX_LIBRARY = "libc++";
				CLANG_ENABLE_MODULES = YES;
				CLANG_ENABLE_OBJC_ARC = YES;
				CLANG_WARN_BOOL_CONVERSION = YES;
				CLANG_WARN_CONSTANT_CONVERSION = YES;
				CLANG_WARN_DIRECT_OBJC_ISA_USAGE = YES_ERROR;
				CLANG_WARN_DOCUMENTATION_COMMENTS = YES;
				CLANG_WARN_EMPTY_BODY = YES;
				CLANG_WARN_ENUM_CONVERSION = YES;
				CLANG_WARN_INFINITE_RECURSION = YES;
				CLANG_WARN_INT_CONVERSION = YES;
				CLANG_WARN_OBJC_ROOT_CLASS = YES_ERROR;
				CLANG_WARN_SUSPICIOUS_MOVES = YES;
				CLANG_WARN_UNREACHABLE_CODE = YES;
				CLANG_WARN__DUPLICATE_METHOD_MATCH = YES;
				"CODE_SIGN_IDENTITY[sdk=iphoneos*]" = "iPhone Developer";
				COPY_PHASE_STRIP = NO;
				DEBUG_INFORMATION_FORMAT = dwarf;
				ENABLE_STRICT_OBJC_MSGSEND = YES;
				ENABLE_TESTABILITY = YES;
				GCC_C_LANGUAGE_STANDARD = gnu99;
				GCC_DYNAMIC_NO_PIC = NO;
				GCC_NO_COMMON_BLOCKS = YES;
				GCC_OPTIMIZATION_LEVEL = 0;
				GCC_PREPROCESSOR_DEFINITIONS = (
					"DEBUG=1",
					"$(inherited)",
				);
				GCC_WARN_64_TO_32_BIT_CONVERSION = YES;
				GCC_WARN_ABOUT_RETURN_TYPE = YES_ERROR;
				GCC_WARN_UNDECLARED_SELECTOR = YES;
				GCC_WARN_UNINITIALIZED_AUTOS = YES_AGGRESSIVE;
				GCC_WARN_UNUSED_FUNCTION = YES;
				GCC_WARN_UNUSED_VARIABLE = YES;
				IPHONEOS_DEPLOYMENT_TARGET = 10.0;
				MTL_ENABLE_DEBUG_INFO = YES;
				ONLY_ACTIVE_ARCH = YES;
				SDKROOT = iphoneos;
				SWIFT_ACTIVE_COMPILATION_CONDITIONS = DEBUG;
				SWIFT_OPTIMIZATION_LEVEL = "-Onone";
				TARGETED_DEVICE_FAMILY = "1,2";
			};
			name = Debug;
		};
		42C2DA461E269030001770CF /* Release */ = {
			isa = XCBuildConfiguration;
			buildSettings = {
				ALWAYS_SEARCH_USER_PATHS = NO;
				CLANG_ANALYZER_NONNULL = YES;
				CLANG_CXX_LANGUAGE_STANDARD = "gnu++0x";
				CLANG_CXX_LIBRARY = "libc++";
				CLANG_ENABLE_MODULES = YES;
				CLANG_ENABLE_OBJC_ARC = YES;
				CLANG_WARN_BOOL_CONVERSION = YES;
				CLANG_WARN_CONSTANT_CONVERSION = YES;
				CLANG_WARN_DIRECT_OBJC_ISA_USAGE = YES_ERROR;
				CLANG_WARN_DOCUMENTATION_COMMENTS = YES;
				CLANG_WARN_EMPTY_BODY = YES;
				CLANG_WARN_ENUM_CONVERSION = YES;
				CLANG_WARN_INFINITE_RECURSION = YES;
				CLANG_WARN_INT_CONVERSION = YES;
				CLANG_WARN_OBJC_ROOT_CLASS = YES_ERROR;
				CLANG_WARN_SUSPICIOUS_MOVES = YES;
				CLANG_WARN_UNREACHABLE_CODE = YES;
				CLANG_WARN__DUPLICATE_METHOD_MATCH = YES;
				"CODE_SIGN_IDENTITY[sdk=iphoneos*]" = "iPhone Developer";
				COPY_PHASE_STRIP = NO;
				DEBUG_INFORMATION_FORMAT = "dwarf-with-dsym";
				ENABLE_NS_ASSERTIONS = NO;
				ENABLE_STRICT_OBJC_MSGSEND = YES;
				GCC_C_LANGUAGE_STANDARD = gnu99;
				GCC_NO_COMMON_BLOCKS = YES;
				GCC_WARN_64_TO_32_BIT_CONVERSION = YES;
				GCC_WARN_ABOUT_RETURN_TYPE = YES_ERROR;
				GCC_WARN_UNDECLARED_SELECTOR = YES;
				GCC_WARN_UNINITIALIZED_AUTOS = YES_AGGRESSIVE;
				GCC_WARN_UNUSED_FUNCTION = YES;
				GCC_WARN_UNUSED_VARIABLE = YES;
				IPHONEOS_DEPLOYMENT_TARGET = 10.0;
				MTL_ENABLE_DEBUG_INFO = NO;
				SDKROOT = iphoneos;
				SWIFT_OPTIMIZATION_LEVEL = "-Owholemodule";
				TARGETED_DEVICE_FAMILY = "1,2";
				VALIDATE_PRODUCT = YES;
			};
			name = Release;
		};
		42C2DA481E269030001770CF /* Debug */ = {
			isa = XCBuildConfiguration;
			buildSettings = {
				ALWAYS_EMBED_SWIFT_STANDARD_LIBRARIES = YES;
				ASSETCATALOG_COMPILER_APPICON_NAME = AppIcon;
				CODE_SIGN_ENTITLEMENTS = Simba/Simba.entitlements;
				DEVELOPMENT_TEAM = CX9VLRV49V;
				INFOPLIST_FILE = Simba/Info.plist;
				IPHONEOS_DEPLOYMENT_TARGET = 10.0;
				LD_RUNPATH_SEARCH_PATHS = "$(inherited) @executable_path/Frameworks";
				PRODUCT_BUNDLE_IDENTIFIER = co.infinum.academy.Simba;
				PRODUCT_NAME = "$(TARGET_NAME)";
				SWIFT_VERSION = 3.0;
			};
			name = Debug;
		};
		42C2DA491E269030001770CF /* Release */ = {
			isa = XCBuildConfiguration;
			buildSettings = {
				ALWAYS_EMBED_SWIFT_STANDARD_LIBRARIES = YES;
				ASSETCATALOG_COMPILER_APPICON_NAME = AppIcon;
				CODE_SIGN_ENTITLEMENTS = Simba/Simba.entitlements;
				DEVELOPMENT_TEAM = CX9VLRV49V;
				INFOPLIST_FILE = Simba/Info.plist;
				IPHONEOS_DEPLOYMENT_TARGET = 10.0;
				LD_RUNPATH_SEARCH_PATHS = "$(inherited) @executable_path/Frameworks";
				PRODUCT_BUNDLE_IDENTIFIER = co.infinum.academy.Simba;
				PRODUCT_NAME = "$(TARGET_NAME)";
				SWIFT_VERSION = 3.0;
			};
			name = Release;
		};
		42C2DA4B1E269030001770CF /* Debug */ = {
			isa = XCBuildConfiguration;
			buildSettings = {
				ALWAYS_EMBED_SWIFT_STANDARD_LIBRARIES = YES;
				BUNDLE_LOADER = "$(TEST_HOST)";
				INFOPLIST_FILE = SimbaTests/Info.plist;
				LD_RUNPATH_SEARCH_PATHS = "$(inherited) @executable_path/Frameworks @loader_path/Frameworks";
				PRODUCT_BUNDLE_IDENTIFIER = co.infinum.academy.SimbaTests;
				PRODUCT_NAME = "$(TARGET_NAME)";
				SWIFT_VERSION = 3.0;
				TEST_HOST = "$(BUILT_PRODUCTS_DIR)/Simba.app/Simba";
			};
			name = Debug;
		};
		42C2DA4C1E269030001770CF /* Release */ = {
			isa = XCBuildConfiguration;
			buildSettings = {
				ALWAYS_EMBED_SWIFT_STANDARD_LIBRARIES = YES;
				BUNDLE_LOADER = "$(TEST_HOST)";
				INFOPLIST_FILE = SimbaTests/Info.plist;
				LD_RUNPATH_SEARCH_PATHS = "$(inherited) @executable_path/Frameworks @loader_path/Frameworks";
				PRODUCT_BUNDLE_IDENTIFIER = co.infinum.academy.SimbaTests;
				PRODUCT_NAME = "$(TARGET_NAME)";
				SWIFT_VERSION = 3.0;
				TEST_HOST = "$(BUILT_PRODUCTS_DIR)/Simba.app/Simba";
			};
			name = Release;
		};
		42C2DA4E1E269030001770CF /* Debug */ = {
			isa = XCBuildConfiguration;
			buildSettings = {
				ALWAYS_EMBED_SWIFT_STANDARD_LIBRARIES = YES;
				INFOPLIST_FILE = SimbaUITests/Info.plist;
				LD_RUNPATH_SEARCH_PATHS = "$(inherited) @executable_path/Frameworks @loader_path/Frameworks";
				PRODUCT_BUNDLE_IDENTIFIER = co.infinum.academy.SimbaUITests;
				PRODUCT_NAME = "$(TARGET_NAME)";
				SWIFT_VERSION = 3.0;
				TEST_TARGET_NAME = Simba;
			};
			name = Debug;
		};
		42C2DA4F1E269030001770CF /* Release */ = {
			isa = XCBuildConfiguration;
			buildSettings = {
				ALWAYS_EMBED_SWIFT_STANDARD_LIBRARIES = YES;
				INFOPLIST_FILE = SimbaUITests/Info.plist;
				LD_RUNPATH_SEARCH_PATHS = "$(inherited) @executable_path/Frameworks @loader_path/Frameworks";
				PRODUCT_BUNDLE_IDENTIFIER = co.infinum.academy.SimbaUITests;
				PRODUCT_NAME = "$(TARGET_NAME)";
				SWIFT_VERSION = 3.0;
				TEST_TARGET_NAME = Simba;
			};
			name = Release;
		};
/* End XCBuildConfiguration section */

/* Begin XCConfigurationList section */
		42C2DA1A1E269030001770CF /* Build configuration list for PBXProject "Simba" */ = {
			isa = XCConfigurationList;
			buildConfigurations = (
				42C2DA451E269030001770CF /* Debug */,
				42C2DA461E269030001770CF /* Release */,
			);
			defaultConfigurationIsVisible = 0;
			defaultConfigurationName = Release;
		};
		42C2DA471E269030001770CF /* Build configuration list for PBXNativeTarget "Simba" */ = {
			isa = XCConfigurationList;
			buildConfigurations = (
				42C2DA481E269030001770CF /* Debug */,
				42C2DA491E269030001770CF /* Release */,
			);
			defaultConfigurationIsVisible = 0;
			defaultConfigurationName = Release;
		};
		42C2DA4A1E269030001770CF /* Build configuration list for PBXNativeTarget "SimbaTests" */ = {
			isa = XCConfigurationList;
			buildConfigurations = (
				42C2DA4B1E269030001770CF /* Debug */,
				42C2DA4C1E269030001770CF /* Release */,
			);
			defaultConfigurationIsVisible = 0;
			defaultConfigurationName = Release;
		};
		42C2DA4D1E269030001770CF /* Build configuration list for PBXNativeTarget "SimbaUITests" */ = {
			isa = XCConfigurationList;
			buildConfigurations = (
				42C2DA4E1E269030001770CF /* Debug */,
				42C2DA4F1E269030001770CF /* Release */,
			);
			defaultConfigurationIsVisible = 0;
			defaultConfigurationName = Release;
		};
/* End XCConfigurationList section */
	};
	rootObject = 42C2DA171E269030001770CF /* Project object */;
}
